// !$*UTF8*$!
{
	archiveVersion = 1;
	classes = {
	};
	objectVersion = 48;
	objects = {

/* Begin PBXBuildFile section */
		68FEC88B1EF765DB0090DFCA /* AppDelegate.swift in Sources */ = {isa = PBXBuildFile; fileRef = 68FEC88A1EF765DB0090DFCA /* AppDelegate.swift */; };
		68FEC88D1EF765DB0090DFCA /* Scene.sks in Resources */ = {isa = PBXBuildFile; fileRef = 68FEC88C1EF765DB0090DFCA /* Scene.sks */; };
		68FEC88F1EF765DB0090DFCA /* Scene.swift in Sources */ = {isa = PBXBuildFile; fileRef = 68FEC88E1EF765DB0090DFCA /* Scene.swift */; };
		68FEC8911EF765DB0090DFCA /* ViewController.swift in Sources */ = {isa = PBXBuildFile; fileRef = 68FEC8901EF765DB0090DFCA /* ViewController.swift */; };
		68FEC8941EF765DB0090DFCA /* Main.storyboard in Resources */ = {isa = PBXBuildFile; fileRef = 68FEC8921EF765DB0090DFCA /* Main.storyboard */; };
		68FEC8961EF765DB0090DFCA /* Assets.xcassets in Resources */ = {isa = PBXBuildFile; fileRef = 68FEC8951EF765DB0090DFCA /* Assets.xcassets */; };
		68FEC8991EF765DB0090DFCA /* LaunchScreen.storyboard in Resources */ = {isa = PBXBuildFile; fileRef = 68FEC8971EF765DB0090DFCA /* LaunchScreen.storyboard */; };
/* End PBXBuildFile section */

/* Begin PBXFileReference section */
		68FEC8871EF765DB0090DFCA /* WhereIsDora.app */ = {isa = PBXFileReference; explicitFileType = wrapper.application; includeInIndex = 0; path = WhereIsDora.app; sourceTree = BUILT_PRODUCTS_DIR; };
		68FEC88A1EF765DB0090DFCA /* AppDelegate.swift */ = {isa = PBXFileReference; lastKnownFileType = sourcecode.swift; path = AppDelegate.swift; sourceTree = "<group>"; };
		68FEC88C1EF765DB0090DFCA /* Scene.sks */ = {isa = PBXFileReference; lastKnownFileType = file.sks; path = Scene.sks; sourceTree = "<group>"; };
		68FEC88E1EF765DB0090DFCA /* Scene.swift */ = {isa = PBXFileReference; lastKnownFileType = sourcecode.swift; path = Scene.swift; sourceTree = "<group>"; };
		68FEC8901EF765DB0090DFCA /* ViewController.swift */ = {isa = PBXFileReference; lastKnownFileType = sourcecode.swift; path = ViewController.swift; sourceTree = "<group>"; };
		68FEC8931EF765DB0090DFCA /* Base */ = {isa = PBXFileReference; lastKnownFileType = file.storyboard; name = Base; path = Base.lproj/Main.storyboard; sourceTree = "<group>"; };
		68FEC8951EF765DB0090DFCA /* Assets.xcassets */ = {isa = PBXFileReference; lastKnownFileType = folder.assetcatalog; path = Assets.xcassets; sourceTree = "<group>"; };
		68FEC8981EF765DB0090DFCA /* Base */ = {isa = PBXFileReference; lastKnownFileType = file.storyboard; name = Base; path = Base.lproj/LaunchScreen.storyboard; sourceTree = "<group>"; };
		68FEC89A1EF765DB0090DFCA /* Info.plist */ = {isa = PBXFileReference; lastKnownFileType = text.plist.xml; path = Info.plist; sourceTree = "<group>"; };
/* End PBXFileReference section */

/* Begin PBXFrameworksBuildPhase section */
		68FEC8841EF765DB0090DFCA /* Frameworks */ = {
			isa = PBXFrameworksBuildPhase;
			buildActionMask = 2147483647;
			files = (
			);
			runOnlyForDeploymentPostprocessing = 0;
		};
/* End PBXFrameworksBuildPhase section */

/* Begin PBXGroup section */
		68FEC87E1EF765DB0090DFCA = {
			isa = PBXGroup;
			children = (
				68FEC8891EF765DB0090DFCA /* WhereIsDora */,
				68FEC8881EF765DB0090DFCA /* Products */,
			);
			sourceTree = "<group>";
		};
		68FEC8881EF765DB0090DFCA /* Products */ = {
			isa = PBXGroup;
			children = (
				68FEC8871EF765DB0090DFCA /* WhereIsDora.app */,
			);
			name = Products;
			sourceTree = "<group>";
		};
		68FEC8891EF765DB0090DFCA /* WhereIsDora */ = {
			isa = PBXGroup;
			children = (
				68FEC88A1EF765DB0090DFCA /* AppDelegate.swift */,
				68FEC88C1EF765DB0090DFCA /* Scene.sks */,
				68FEC88E1EF765DB0090DFCA /* Scene.swift */,
				68FEC8901EF765DB0090DFCA /* ViewController.swift */,
				68FEC8921EF765DB0090DFCA /* Main.storyboard */,
				68FEC8951EF765DB0090DFCA /* Assets.xcassets */,
				68FEC8971EF765DB0090DFCA /* LaunchScreen.storyboard */,
				68FEC89A1EF765DB0090DFCA /* Info.plist */,
			);
			path = WhereIsDora;
			sourceTree = "<group>";
		};
/* End PBXGroup section */

/* Begin PBXNativeTarget section */
		68FEC8861EF765DB0090DFCA /* WhereIsDora */ = {
			isa = PBXNativeTarget;
			buildConfigurationList = 68FEC89D1EF765DB0090DFCA /* Build configuration list for PBXNativeTarget "WhereIsDora" */;
			buildPhases = (
				68FEC8831EF765DB0090DFCA /* Sources */,
				68FEC8841EF765DB0090DFCA /* Frameworks */,
				68FEC8851EF765DB0090DFCA /* Resources */,
			);
			buildRules = (
			);
			dependencies = (
			);
			name = WhereIsDora;
			productName = WhereIsDora;
			productReference = 68FEC8871EF765DB0090DFCA /* WhereIsDora.app */;
			productType = "com.apple.product-type.application";
		};
/* End PBXNativeTarget section */

/* Begin PBXProject section */
		68FEC87F1EF765DB0090DFCA /* Project object */ = {
			isa = PBXProject;
			attributes = {
				LastSwiftUpdateCheck = 0900;
				LastUpgradeCheck = 0900;
				ORGANIZATIONNAME = Mars;
				TargetAttributes = {
					68FEC8861EF765DB0090DFCA = {
						CreatedOnToolsVersion = 9.0;
					};
				};
			};
			buildConfigurationList = 68FEC8821EF765DB0090DFCA /* Build configuration list for PBXProject "WhereIsDora" */;
			compatibilityVersion = "Xcode 8.0";
			developmentRegion = en;
			hasScannedForEncodings = 0;
			knownRegions = (
				en,
				Base,
			);
			mainGroup = 68FEC87E1EF765DB0090DFCA;
			productRefGroup = 68FEC8881EF765DB0090DFCA /* Products */;
			projectDirPath = "";
			projectRoot = "";
			targets = (
				68FEC8861EF765DB0090DFCA /* WhereIsDora */,
			);
		};
/* End PBXProject section */

/* Begin PBXResourcesBuildPhase section */
		68FEC8851EF765DB0090DFCA /* Resources */ = {
			isa = PBXResourcesBuildPhase;
			buildActionMask = 2147483647;
			files = (
				68FEC88D1EF765DB0090DFCA /* Scene.sks in Resources */,
				68FEC8991EF765DB0090DFCA /* LaunchScreen.storyboard in Resources */,
				68FEC8961EF765DB0090DFCA /* Assets.xcassets in Resources */,
				68FEC8941EF765DB0090DFCA /* Main.storyboard in Resources */,
			);
			runOnlyForDeploymentPostprocessing = 0;
		};
/* End PBXResourcesBuildPhase section */

/* Begin PBXSourcesBuildPhase section */
		68FEC8831EF765DB0090DFCA /* Sources */ = {
			isa = PBXSourcesBuildPhase;
			buildActionMask = 2147483647;
			files = (
				68FEC8911EF765DB0090DFCA /* ViewController.swift in Sources */,
				68FEC88F1EF765DB0090DFCA /* Scene.swift in Sources */,
				68FEC88B1EF765DB0090DFCA /* AppDelegate.swift in Sources */,
			);
			runOnlyForDeploymentPostprocessing = 0;
		};
/* End PBXSourcesBuildPhase section */

/* Begin PBXVariantGroup section */
		68FEC8921EF765DB0090DFCA /* Main.storyboard */ = {
			isa = PBXVariantGroup;
			children = (
				68FEC8931EF765DB0090DFCA /* Base */,
			);
			name = Main.storyboard;
			sourceTree = "<group>";
		};
		68FEC8971EF765DB0090DFCA /* LaunchScreen.storyboard */ = {
			isa = PBXVariantGroup;
			children = (
				68FEC8981EF765DB0090DFCA /* Base */,
			);
			name = LaunchScreen.storyboard;
			sourceTree = "<group>";
		};
/* End PBXVariantGroup section */

/* Begin XCBuildConfiguration section */
		68FEC89B1EF765DB0090DFCA /* Debug */ = {
			isa = XCBuildConfiguration;
			buildSettings = {
				ALWAYS_SEARCH_USER_PATHS = NO;
				CLANG_ANALYZER_NONNULL = YES;
				CLANG_ANALYZER_NUMBER_OBJECT_CONVERSION = YES_AGGRESSIVE;
				CLANG_CXX_LANGUAGE_STANDARD = "gnu++14";
				CLANG_CXX_LIBRARY = "libc++";
				CLANG_ENABLE_MODULES = YES;
				CLANG_ENABLE_OBJC_ARC = YES;
				CLANG_WARN_BLOCK_CAPTURE_AUTORELEASING = YES;
				CLANG_WARN_BOOL_CONVERSION = YES;
				CLANG_WARN_COMMA = YES;
				CLANG_WARN_CONSTANT_CONVERSION = YES;
				CLANG_WARN_DIRECT_OBJC_ISA_USAGE = YES_ERROR;
				CLANG_WARN_DOCUMENTATION_COMMENTS = YES;
				CLANG_WARN_EMPTY_BODY = YES;
				CLANG_WARN_ENUM_CONVERSION = YES;
				CLANG_WARN_INFINITE_RECURSION = YES;
				CLANG_WARN_INT_CONVERSION = YES;
				CLANG_WARN_OBJC_ROOT_CLASS = YES_ERROR;
				CLANG_WARN_RANGE_LOOP_ANALYSIS = YES;
				CLANG_WARN_STRICT_PROTOTYPES = YES;
				CLANG_WARN_SUSPICIOUS_MOVE = YES;
				CLANG_WARN_UNGUARDED_AVAILABILITY = YES_AGGRESSIVE;
				CLANG_WARN_UNREACHABLE_CODE = YES;
				CLANG_WARN__DUPLICATE_METHOD_MATCH = YES;
				CODE_SIGN_IDENTITY = "iPhone Developer";
				COPY_PHASE_STRIP = NO;
				DEBUG_INFORMATION_FORMAT = dwarf;
				ENABLE_STRICT_OBJC_MSGSEND = YES;
				ENABLE_TESTABILITY = YES;
				GCC_C_LANGUAGE_STANDARD = gnu11;
				GCC_DYNAMIC_NO_PIC = NO;
				GCC_NO_COMMON_BLOCKS = YES;
				GCC_OPTIMIZATION_LEVEL = 0;
				GCC_PREPROCESSOR_DEFINITIONS = (
					"DEBUG=1",
					"$(inherited)",
				);
				GCC_WARN_64_TO_32_BIT_CONVERSION = YES;
				GCC_WARN_ABOUT_RETURN_TYPE = YES_ERROR;
				GCC_WARN_UNDECLARED_SELECTOR = YES;
				GCC_WARN_UNINITIALIZED_AUTOS = YES_AGGRESSIVE;
				GCC_WARN_UNUSED_FUNCTION = YES;
				GCC_WARN_UNUSED_VARIABLE = YES;
				IPHONEOS_DEPLOYMENT_TARGET = 11.0;
				MTL_ENABLE_DEBUG_INFO = YES;
				ONLY_ACTIVE_ARCH = YES;
				SDKROOT = iphoneos;
				SWIFT_ACTIVE_COMPILATION_CONDITIONS = DEBUG;
				SWIFT_OPTIMIZATION_LEVEL = "-Onone";
			};
			name = Debug;
		};
		68FEC89C1EF765DB0090DFCA /* Release */ = {
			isa = XCBuildConfiguration;
			buildSettings = {
				ALWAYS_SEARCH_USER_PATHS = NO;
				CLANG_ANALYZER_NONNULL = YES;
				CLANG_ANALYZER_NUMBER_OBJECT_CONVERSION = YES_AGGRESSIVE;
				CLANG_CXX_LANGUAGE_STANDARD = "gnu++14";
				CLANG_CXX_LIBRARY = "libc++";
				CLANG_ENABLE_MODULES = YES;
				CLANG_ENABLE_OBJC_ARC = YES;
				CLANG_WARN_BLOCK_CAPTURE_AUTORELEASING = YES;
				CLANG_WARN_BOOL_CONVERSION = YES;
				CLANG_WARN_COMMA = YES;
				CLANG_WARN_CONSTANT_CONVERSION = YES;
				CLANG_WARN_DIRECT_OBJC_ISA_USAGE = YES_ERROR;
				CLANG_WARN_DOCUMENTATION_COMMENTS = YES;
				CLANG_WARN_EMPTY_BODY = YES;
				CLANG_WARN_ENUM_CONVERSION = YES;
				CLANG_WARN_INFINITE_RECURSION = YES;
				CLANG_WARN_INT_CONVERSION = YES;
				CLANG_WARN_OBJC_ROOT_CLASS = YES_ERROR;
				CLANG_WARN_RANGE_LOOP_ANALYSIS = YES;
				CLANG_WARN_STRICT_PROTOTYPES = YES;
				CLANG_WARN_SUSPICIOUS_MOVE = YES;
				CLANG_WARN_UNGUARDED_AVAILABILITY = YES_AGGRESSIVE;
				CLANG_WARN_UNREACHABLE_CODE = YES;
				CLANG_WARN__DUPLICATE_METHOD_MATCH = YES;
				CODE_SIGN_IDENTITY = "iPhone Developer";
				COPY_PHASE_STRIP = NO;
				DEBUG_INFORMATION_FORMAT = "dwarf-with-dsym";
				ENABLE_NS_ASSERTIONS = NO;
				ENABLE_STRICT_OBJC_MSGSEND = YES;
				GCC_C_LANGUAGE_STANDARD = gnu11;
				GCC_NO_COMMON_BLOCKS = YES;
				GCC_WARN_64_TO_32_BIT_CONVERSION = YES;
				GCC_WARN_ABOUT_RETURN_TYPE = YES_ERROR;
				GCC_WARN_UNDECLARED_SELECTOR = YES;
				GCC_WARN_UNINITIALIZED_AUTOS = YES_AGGRESSIVE;
				GCC_WARN_UNUSED_FUNCTION = YES;
				GCC_WARN_UNUSED_VARIABLE = YES;
				IPHONEOS_DEPLOYMENT_TARGET = 11.0;
				MTL_ENABLE_DEBUG_INFO = NO;
				SDKROOT = iphoneos;
				SWIFT_OPTIMIZATION_LEVEL = "-Owholemodule";
				VALIDATE_PRODUCT = YES;
			};
			name = Release;
		};
		68FEC89E1EF765DB0090DFCA /* Debug */ = {
			isa = XCBuildConfiguration;
			buildSettings = {
				ASSETCATALOG_COMPILER_APPICON_NAME = AppIcon;
				DEVELOPMENT_TEAM = 9DJEBF62S3;
				INFOPLIST_FILE = WhereIsDora/Info.plist;
				LD_RUNPATH_SEARCH_PATHS = "$(inherited) @executable_path/Frameworks";
				PRODUCT_BUNDLE_IDENTIFIER = BX.WhereIsDora;
				PRODUCT_NAME = "$(TARGET_NAME)";
				SWIFT_VERSION = 4.0;
				TARGETED_DEVICE_FAMILY = "1,2";
			};
			name = Debug;
		};
		68FEC89F1EF765DB0090DFCA /* Release */ = {
			isa = XCBuildConfiguration;
			buildSettings = {
				ASSETCATALOG_COMPILER_APPICON_NAME = AppIcon;
				DEVELOPMENT_TEAM = 9DJEBF62S3;
				INFOPLIST_FILE = WhereIsDora/Info.plist;
				LD_RUNPATH_SEARCH_PATHS = "$(inherited) @executable_path/Frameworks";
				PRODUCT_BUNDLE_IDENTIFIER = BX.WhereIsDora;
				PRODUCT_NAME = "$(TARGET_NAME)";
				SWIFT_VERSION = 4.0;
				TARGETED_DEVICE_FAMILY = "1,2";
			};
			name = Release;
		};
/* End XCBuildConfiguration section */

/* Begin XCConfigurationList section */
		68FEC8821EF765DB0090DFCA /* Build configuration list for PBXProject "WhereIsDora" */ = {
			isa = XCConfigurationList;
			buildConfigurations = (
				68FEC89B1EF765DB0090DFCA /* Debug */,
				68FEC89C1EF765DB0090DFCA /* Release */,
			);
			defaultConfigurationIsVisible = 0;
			defaultConfigurationName = Release;
		};
		68FEC89D1EF765DB0090DFCA /* Build configuration list for PBXNativeTarget "WhereIsDora" */ = {
			isa = XCConfigurationList;
			buildConfigurations = (
				68FEC89E1EF765DB0090DFCA /* Debug */,
				68FEC89F1EF765DB0090DFCA /* Release */,
			);
			defaultConfigurationIsVisible = 0;
		};
/* End XCConfigurationList section */
	};
	rootObject = 68FEC87F1EF765DB0090DFCA /* Project object */;
}
